// !$*UTF8*$!
{
	archiveVersion = 1;
	classes = {
	};
	objectVersion = 50;
	objects = {

/* Begin PBXBuildFile section */
		F60BBE942204D62000EEBAF0 /* ABCList.cpp in Sources */ = {isa = PBXBuildFile; fileRef = F60BBE922204D62000EEBAF0 /* ABCList.cpp */; };
		F696D796221C933E00582B67 /* Music.cpp in Sources */ = {isa = PBXBuildFile; fileRef = F696D795221C933E00582B67 /* Music.cpp */; };
		F6A1CE8821FF8CE40080E478 /* Controller.cpp in Sources */ = {isa = PBXBuildFile; fileRef = F6A1CE8621FF8CE40080E478 /* Controller.cpp */; };
		F6A1CE8A21FF8DCE0080E478 /* Runner.cpp in Sources */ = {isa = PBXBuildFile; fileRef = F6A1CE8921FF8DCE0080E478 /* Runner.cpp */; };
		F6BBD49F220A148A0019D642 /* Timer.cpp in Sources */ = {isa = PBXBuildFile; fileRef = F6BBD49D220A148A0019D642 /* Timer.cpp */; };
		F6BBD4A2220A1F8B0019D642 /* FileController.cpp in Sources */ = {isa = PBXBuildFile; fileRef = F6BBD4A0220A1F8B0019D642 /* FileController.cpp */; };
		F6BBD4A6220A253E0019D642 /* CrimeData.cpp in Sources */ = {isa = PBXBuildFile; fileRef = F6BBD4A5220A253E0019D642 /* CrimeData.cpp */; };
		F6DE67ED2214AEA700A49056 /* LinearTester.cpp in Sources */ = {isa = PBXBuildFile; fileRef = F6DE67EB2214AEA700A49056 /* LinearTester.cpp */; };
/* End PBXBuildFile section */

/* Begin PBXCopyFilesBuildPhase section */
		F6A1CE7621FF8AF00080E478 /* CopyFiles */ = {
			isa = PBXCopyFilesBuildPhase;
			buildActionMask = 2147483647;
			dstPath = /usr/share/man/man1/;
			dstSubfolderSpec = 0;
			files = (
			);
			runOnlyForDeploymentPostprocessing = 1;
		};
/* End PBXCopyFilesBuildPhase section */

/* Begin PBXFileReference section */
		F60BBE922204D62000EEBAF0 /* ABCList.cpp */ = {isa = PBXFileReference; lastKnownFileType = sourcecode.cpp.cpp; path = ABCList.cpp; sourceTree = "<group>"; };
		F60BBE932204D62000EEBAF0 /* ABCList.hpp */ = {isa = PBXFileReference; lastKnownFileType = sourcecode.cpp.h; path = ABCList.hpp; sourceTree = "<group>"; };
		F63BAB612268F622005D96D4 /* BinaryTreeTester.h */ = {isa = PBXFileReference; lastKnownFileType = sourcecode.c.h; path = BinaryTreeTester.h; sourceTree = "<group>"; };
		F63BAB622268F829005D96D4 /* Tree.h */ = {isa = PBXFileReference; lastKnownFileType = sourcecode.c.h; path = Tree.h; sourceTree = "<group>"; };
		F63DBD362211FA3800545789 /* LinkedList.h */ = {isa = PBXFileReference; lastKnownFileType = sourcecode.c.h; path = LinkedList.h; sourceTree = "<group>"; };
		F63DBD372212111C00545789 /* Stack.h */ = {isa = PBXFileReference; lastKnownFileType = sourcecode.c.h; path = Stack.h; sourceTree = "<group>"; };
		F67205C7221F289A00BDD508 /* DoubleNode.h */ = {isa = PBXFileReference; lastKnownFileType = sourcecode.c.h; path = DoubleNode.h; sourceTree = "<group>"; };
		F67205C8221F2FD500BDD508 /* CircularList.h */ = {isa = PBXFileReference; lastKnownFileType = sourcecode.c.h; path = CircularList.h; sourceTree = "<group>"; };
		F67B5EC1220CBA7A0006E2F2 /* List.h */ = {isa = PBXFileReference; lastKnownFileType = sourcecode.c.h; path = List.h; sourceTree = "<group>"; };
		F68712C722610E88000637EB /* BinaryTreeNode.h */ = {isa = PBXFileReference; lastKnownFileType = sourcecode.c.h; path = BinaryTreeNode.h; sourceTree = "<group>"; };
		F696D795221C933E00582B67 /* Music.cpp */ = {isa = PBXFileReference; fileEncoding = 4; lastKnownFileType = sourcecode.cpp.cpp; path = Music.cpp; sourceTree = "<group>"; };
		F696D797221C938100582B67 /* music.csv */ = {isa = PBXFileReference; fileEncoding = 4; lastKnownFileType = text; path = music.csv; sourceTree = "<group>"; };
		F6A1CE7821FF8AF00080E478 /* StructureProject */ = {isa = PBXFileReference; explicitFileType = "compiled.mach-o.executable"; includeInIndex = 0; path = StructureProject; sourceTree = BUILT_PRODUCTS_DIR; };
		F6A1CE8621FF8CE40080E478 /* Controller.cpp */ = {isa = PBXFileReference; lastKnownFileType = sourcecode.cpp.cpp; path = Controller.cpp; sourceTree = "<group>"; };
		F6A1CE8721FF8CE40080E478 /* Controller.hpp */ = {isa = PBXFileReference; lastKnownFileType = sourcecode.cpp.h; path = Controller.hpp; sourceTree = "<group>"; };
		F6A1CE8921FF8DCE0080E478 /* Runner.cpp */ = {isa = PBXFileReference; lastKnownFileType = sourcecode.cpp.cpp; path = Runner.cpp; sourceTree = "<group>"; };
		F6A1CE8C21FF914B0080E478 /* Node.hpp */ = {isa = PBXFileReference; lastKnownFileType = sourcecode.cpp.h; path = Node.hpp; sourceTree = "<group>"; };
		F6B75346220232C800F30050 /* LinearNode.hpp */ = {isa = PBXFileReference; lastKnownFileType = sourcecode.cpp.h; path = LinearNode.hpp; sourceTree = "<group>"; };
		F6B75348220239B100F30050 /* Array.hpp */ = {isa = PBXFileReference; lastKnownFileType = sourcecode.cpp.h; path = Array.hpp; sourceTree = "<group>"; };
		F6BBD49D220A148A0019D642 /* Timer.cpp */ = {isa = PBXFileReference; lastKnownFileType = sourcecode.cpp.cpp; path = Timer.cpp; sourceTree = "<group>"; };
		F6BBD49E220A148A0019D642 /* Timer.hpp */ = {isa = PBXFileReference; lastKnownFileType = sourcecode.cpp.h; path = Timer.hpp; sourceTree = "<group>"; };
		F6BBD4A0220A1F8B0019D642 /* FileController.cpp */ = {isa = PBXFileReference; lastKnownFileType = sourcecode.cpp.cpp; path = FileController.cpp; sourceTree = "<group>"; };
		F6BBD4A1220A1F8B0019D642 /* FileController.hpp */ = {isa = PBXFileReference; lastKnownFileType = sourcecode.cpp.h; path = FileController.hpp; sourceTree = "<group>"; };
		F6BBD4A3220A22B20019D642 /* crime.csv */ = {isa = PBXFileReference; fileEncoding = 4; lastKnownFileType = text; path = crime.csv; sourceTree = "<group>"; };
		F6BBD4A4220A249E0019D642 /* CrimeData.hpp */ = {isa = PBXFileReference; fileEncoding = 4; lastKnownFileType = sourcecode.cpp.h; path = CrimeData.hpp; sourceTree = "<group>"; };
		F6BBD4A5220A253E0019D642 /* CrimeData.cpp */ = {isa = PBXFileReference; fileEncoding = 4; lastKnownFileType = sourcecode.cpp.cpp; path = CrimeData.cpp; sourceTree = "<group>"; };
		F6BBD4A8220A25F80019D642 /* Music.hpp */ = {isa = PBXFileReference; fileEncoding = 4; lastKnownFileType = sourcecode.cpp.h; path = Music.hpp; sourceTree = "<group>"; };
		F6DE67E92214AE2000A49056 /* Queue.h */ = {isa = PBXFileReference; lastKnownFileType = sourcecode.c.h; path = Queue.h; sourceTree = "<group>"; };
		F6DE67EB2214AEA700A49056 /* LinearTester.cpp */ = {isa = PBXFileReference; lastKnownFileType = sourcecode.cpp.cpp; path = LinearTester.cpp; sourceTree = "<group>"; };
		F6DE67EC2214AEA700A49056 /* LinearTester.hpp */ = {isa = PBXFileReference; lastKnownFileType = sourcecode.cpp.h; path = LinearTester.hpp; sourceTree = "<group>"; };
		F6E0949D2238299800F31BE9 /* Graph.h */ = {isa = PBXFileReference; lastKnownFileType = sourcecode.c.h; path = Graph.h; sourceTree = "<group>"; };
/* End PBXFileReference section */

/* Begin PBXFrameworksBuildPhase section */
		F6A1CE7521FF8AF00080E478 /* Frameworks */ = {
			isa = PBXFrameworksBuildPhase;
			buildActionMask = 2147483647;
			files = (
			);
			runOnlyForDeploymentPostprocessing = 0;
		};
/* End PBXFrameworksBuildPhase section */

/* Begin PBXGroup section */
		F60BBE912204D5C800EEBAF0 /* Structures */ = {
			isa = PBXGroup;
			children = (
				F60BBE922204D62000EEBAF0 /* ABCList.cpp */,
				F60BBE932204D62000EEBAF0 /* ABCList.hpp */,
			);
			path = Structures;
			sourceTree = "<group>";
		};
		F6A1CE6F21FF8AF00080E478 = {
			isa = PBXGroup;
			children = (
				F6A1CE7A21FF8AF00080E478 /* StructureProject */,
				F6A1CE7921FF8AF00080E478 /* Products */,
			);
			sourceTree = "<group>";
		};
		F6A1CE7921FF8AF00080E478 /* Products */ = {
			isa = PBXGroup;
			children = (
				F6A1CE7821FF8AF00080E478 /* StructureProject */,
			);
			name = Products;
			sourceTree = "<group>";
		};
		F6A1CE7A21FF8AF00080E478 /* StructureProject */ = {
			isa = PBXGroup;
			children = (
				F6DE67EA2214AE8A00A49056 /* Testers */,
				F6A1CE8221FF8B820080E478 /* Model */,
				F6A1CE8321FF8B870080E478 /* Controller */,
				F6A1CE8421FF8B910080E478 /* Diagrams */,
				F6A1CE8521FF8B960080E478 /* Resouces */,
			);
			path = StructureProject;
			sourceTree = "<group>";
		};
		F6A1CE8221FF8B820080E478 /* Model */ = {
			isa = PBXGroup;
			children = (
				F60BBE912204D5C800EEBAF0 /* Structures */,
				F6B753472202398600F30050 /* Linear */,
				F6B753452202293E00F30050 /* Nodes */,
			);
			path = Model;
			sourceTree = "<group>";
		};
		F6A1CE8321FF8B870080E478 /* Controller */ = {
			isa = PBXGroup;
			children = (
				F6A1CE8621FF8CE40080E478 /* Controller.cpp */,
				F6A1CE8721FF8CE40080E478 /* Controller.hpp */,
				F6A1CE8921FF8DCE0080E478 /* Runner.cpp */,
				F6BBD4A0220A1F8B0019D642 /* FileController.cpp */,
				F6BBD4A1220A1F8B0019D642 /* FileController.hpp */,
				F6BBD49C220A14630019D642 /* Tools */,
			);
			path = Controller;
			sourceTree = "<group>";
		};
		F6A1CE8421FF8B910080E478 /* Diagrams */ = {
			isa = PBXGroup;
			children = (
			);
			path = Diagrams;
			sourceTree = "<group>";
		};
		F6A1CE8521FF8B960080E478 /* Resouces */ = {
			isa = PBXGroup;
			children = (
				F696D797221C938100582B67 /* music.csv */,
				F696D795221C933E00582B67 /* Music.cpp */,
				F6BBD4A8220A25F80019D642 /* Music.hpp */,
				F6BBD4A5220A253E0019D642 /* CrimeData.cpp */,
				F6BBD4A4220A249E0019D642 /* CrimeData.hpp */,
				F6BBD4A3220A22B20019D642 /* crime.csv */,
			);
			path = Resouces;
			sourceTree = "<group>";
		};
		F6B753452202293E00F30050 /* Nodes */ = {
			isa = PBXGroup;
			children = (
				F6A1CE8C21FF914B0080E478 /* Node.hpp */,
				F6B75346220232C800F30050 /* LinearNode.hpp */,
				F67205C7221F289A00BDD508 /* DoubleNode.h */,
			);
			path = Nodes;
			sourceTree = "<group>";
		};
		F6B753472202398600F30050 /* Linear */ = {
			isa = PBXGroup;
			children = (
				F6B75348220239B100F30050 /* Array.hpp */,
				F67B5EC1220CBA7A0006E2F2 /* List.h */,
				F63DBD362211FA3800545789 /* LinkedList.h */,
				F63DBD372212111C00545789 /* Stack.h */,
				F6DE67E92214AE2000A49056 /* Queue.h */,
				F67205C8221F2FD500BDD508 /* CircularList.h */,
				F6E0949D2238299800F31BE9 /* Graph.h */,
				F68712C722610E88000637EB /* BinaryTreeNode.h */,
				F63BAB622268F829005D96D4 /* Tree.h */,
			);
			path = Linear;
			sourceTree = "<group>";
		};
		F6BBD49C220A14630019D642 /* Tools */ = {
			isa = PBXGroup;
			children = (
				F6BBD49D220A148A0019D642 /* Timer.cpp */,
				F6BBD49E220A148A0019D642 /* Timer.hpp */,
			);
			path = Tools;
			sourceTree = "<group>";
		};
		F6DE67EA2214AE8A00A49056 /* Testers */ = {
			isa = PBXGroup;
			children = (
				F6DE67EB2214AEA700A49056 /* LinearTester.cpp */,
				F6DE67EC2214AEA700A49056 /* LinearTester.hpp */,
				F63BAB612268F622005D96D4 /* BinaryTreeTester.h */,
			);
			path = Testers;
			sourceTree = "<group>";
		};
/* End PBXGroup section */

/* Begin PBXNativeTarget section */
		F6A1CE7721FF8AF00080E478 /* StructureProject */ = {
			isa = PBXNativeTarget;
			buildConfigurationList = F6A1CE7F21FF8AF00080E478 /* Build configuration list for PBXNativeTarget "StructureProject" */;
			buildPhases = (
				F6A1CE7421FF8AF00080E478 /* Sources */,
				F6A1CE7521FF8AF00080E478 /* Frameworks */,
				F6A1CE7621FF8AF00080E478 /* CopyFiles */,
			);
			buildRules = (
			);
			dependencies = (
			);
			name = StructureProject;
			productName = StructureProject;
			productReference = F6A1CE7821FF8AF00080E478 /* StructureProject */;
			productType = "com.apple.product-type.tool";
		};
/* End PBXNativeTarget section */

/* Begin PBXProject section */
		F6A1CE7021FF8AF00080E478 /* Project object */ = {
			isa = PBXProject;
			attributes = {
				LastUpgradeCheck = 1000;
				ORGANIZATIONNAME = CTEC;
				TargetAttributes = {
					F6A1CE7721FF8AF00080E478 = {
						CreatedOnToolsVersion = 10.0;
					};
				};
			};
			buildConfigurationList = F6A1CE7321FF8AF00080E478 /* Build configuration list for PBXProject "StructureProject" */;
			compatibilityVersion = "Xcode 9.3";
			developmentRegion = en;
			hasScannedForEncodings = 0;
			knownRegions = (
				en,
			);
			mainGroup = F6A1CE6F21FF8AF00080E478;
			productRefGroup = F6A1CE7921FF8AF00080E478 /* Products */;
			projectDirPath = "";
			projectRoot = "";
			targets = (
				F6A1CE7721FF8AF00080E478 /* StructureProject */,
			);
		};
/* End PBXProject section */

/* Begin PBXSourcesBuildPhase section */
		F6A1CE7421FF8AF00080E478 /* Sources */ = {
			isa = PBXSourcesBuildPhase;
			buildActionMask = 2147483647;
			files = (
				F6A1CE8821FF8CE40080E478 /* Controller.cpp in Sources */,
				F6A1CE8A21FF8DCE0080E478 /* Runner.cpp in Sources */,
				F6DE67ED2214AEA700A49056 /* LinearTester.cpp in Sources */,
				F696D796221C933E00582B67 /* Music.cpp in Sources */,
				F6BBD4A6220A253E0019D642 /* CrimeData.cpp in Sources */,
				F6BBD4A2220A1F8B0019D642 /* FileController.cpp in Sources */,
				F60BBE942204D62000EEBAF0 /* ABCList.cpp in Sources */,
				F6BBD49F220A148A0019D642 /* Timer.cpp in Sources */,
			);
			runOnlyForDeploymentPostprocessing = 0;
		};
/* End PBXSourcesBuildPhase section */

/* Begin XCBuildConfiguration section */
		F6A1CE7D21FF8AF00080E478 /* Debug */ = {
			isa = XCBuildConfiguration;
			buildSettings = {
				ALWAYS_SEARCH_USER_PATHS = NO;
				CLANG_ANALYZER_NONNULL = YES;
				CLANG_ANALYZER_NUMBER_OBJECT_CONVERSION = YES_AGGRESSIVE;
				CLANG_CXX_LANGUAGE_STANDARD = "gnu++14";
				CLANG_CXX_LIBRARY = "libc++";
				CLANG_ENABLE_MODULES = YES;
				CLANG_ENABLE_OBJC_ARC = YES;
				CLANG_ENABLE_OBJC_WEAK = YES;
				CLANG_WARN_BLOCK_CAPTURE_AUTORELEASING = YES;
				CLANG_WARN_BOOL_CONVERSION = YES;
				CLANG_WARN_COMMA = YES;
				CLANG_WARN_CONSTANT_CONVERSION = YES;
				CLANG_WARN_DEPRECATED_OBJC_IMPLEMENTATIONS = YES;
				CLANG_WARN_DIRECT_OBJC_ISA_USAGE = YES_ERROR;
				CLANG_WARN_DOCUMENTATION_COMMENTS = YES;
				CLANG_WARN_EMPTY_BODY = YES;
				CLANG_WARN_ENUM_CONVERSION = YES;
				CLANG_WARN_INFINITE_RECURSION = YES;
				CLANG_WARN_INT_CONVERSION = YES;
				CLANG_WARN_NON_LITERAL_NULL_CONVERSION = YES;
				CLANG_WARN_OBJC_IMPLICIT_RETAIN_SELF = YES;
				CLANG_WARN_OBJC_LITERAL_CONVERSION = YES;
				CLANG_WARN_OBJC_ROOT_CLASS = YES_ERROR;
				CLANG_WARN_RANGE_LOOP_ANALYSIS = YES;
				CLANG_WARN_STRICT_PROTOTYPES = YES;
				CLANG_WARN_SUSPICIOUS_MOVE = YES;
				CLANG_WARN_UNGUARDED_AVAILABILITY = YES_AGGRESSIVE;
				CLANG_WARN_UNREACHABLE_CODE = YES;
				CLANG_WARN__DUPLICATE_METHOD_MATCH = YES;
				CODE_SIGN_IDENTITY = "-";
				COPY_PHASE_STRIP = NO;
				DEBUG_INFORMATION_FORMAT = dwarf;
				ENABLE_STRICT_OBJC_MSGSEND = YES;
				ENABLE_TESTABILITY = YES;
				GCC_C_LANGUAGE_STANDARD = gnu11;
				GCC_DYNAMIC_NO_PIC = NO;
				GCC_NO_COMMON_BLOCKS = YES;
				GCC_OPTIMIZATION_LEVEL = 0;
				GCC_PREPROCESSOR_DEFINITIONS = (
					"DEBUG=1",
					"$(inherited)",
				);
				GCC_WARN_64_TO_32_BIT_CONVERSION = YES;
				GCC_WARN_ABOUT_RETURN_TYPE = YES_ERROR;
				GCC_WARN_UNDECLARED_SELECTOR = YES;
				GCC_WARN_UNINITIALIZED_AUTOS = YES_AGGRESSIVE;
				GCC_WARN_UNUSED_FUNCTION = YES;
				GCC_WARN_UNUSED_VARIABLE = YES;
				MACOSX_DEPLOYMENT_TARGET = 10.13;
				MTL_ENABLE_DEBUG_INFO = INCLUDE_SOURCE;
				MTL_FAST_MATH = YES;
				ONLY_ACTIVE_ARCH = YES;
				SDKROOT = macosx;
			};
			name = Debug;
		};
		F6A1CE7E21FF8AF00080E478 /* Release */ = {
			isa = XCBuildConfiguration;
			buildSettings = {
				ALWAYS_SEARCH_USER_PATHS = NO;
				CLANG_ANALYZER_NONNULL = YES;
				CLANG_ANALYZER_NUMBER_OBJECT_CONVERSION = YES_AGGRESSIVE;
				CLANG_CXX_LANGUAGE_STANDARD = "gnu++14";
				CLANG_CXX_LIBRARY = "libc++";
				CLANG_ENABLE_MODULES = YES;
				CLANG_ENABLE_OBJC_ARC = YES;
				CLANG_ENABLE_OBJC_WEAK = YES;
				CLANG_WARN_BLOCK_CAPTURE_AUTORELEASING = YES;
				CLANG_WARN_BOOL_CONVERSION = YES;
				CLANG_WARN_COMMA = YES;
				CLANG_WARN_CONSTANT_CONVERSION = YES;
				CLANG_WARN_DEPRECATED_OBJC_IMPLEMENTATIONS = YES;
				CLANG_WARN_DIRECT_OBJC_ISA_USAGE = YES_ERROR;
				CLANG_WARN_DOCUMENTATION_COMMENTS = YES;
				CLANG_WARN_EMPTY_BODY = YES;
				CLANG_WARN_ENUM_CONVERSION = YES;
				CLANG_WARN_INFINITE_RECURSION = YES;
				CLANG_WARN_INT_CONVERSION = YES;
				CLANG_WARN_NON_LITERAL_NULL_CONVERSION = YES;
				CLANG_WARN_OBJC_IMPLICIT_RETAIN_SELF = YES;
				CLANG_WARN_OBJC_LITERAL_CONVERSION = YES;
				CLANG_WARN_OBJC_ROOT_CLASS = YES_ERROR;
				CLANG_WARN_RANGE_LOOP_ANALYSIS = YES;
				CLANG_WARN_STRICT_PROTOTYPES = YES;
				CLANG_WARN_SUSPICIOUS_MOVE = YES;
				CLANG_WARN_UNGUARDED_AVAILABILITY = YES_AGGRESSIVE;
				CLANG_WARN_UNREACHABLE_CODE = YES;
				CLANG_WARN__DUPLICATE_METHOD_MATCH = YES;
				CODE_SIGN_IDENTITY = "-";
				COPY_PHASE_STRIP = NO;
				DEBUG_INFORMATION_FORMAT = "dwarf-with-dsym";
				ENABLE_NS_ASSERTIONS = NO;
				ENABLE_STRICT_OBJC_MSGSEND = YES;
				GCC_C_LANGUAGE_STANDARD = gnu11;
				GCC_NO_COMMON_BLOCKS = YES;
				GCC_WARN_64_TO_32_BIT_CONVERSION = YES;
				GCC_WARN_ABOUT_RETURN_TYPE = YES_ERROR;
				GCC_WARN_UNDECLARED_SELECTOR = YES;
				GCC_WARN_UNINITIALIZED_AUTOS = YES_AGGRESSIVE;
				GCC_WARN_UNUSED_FUNCTION = YES;
				GCC_WARN_UNUSED_VARIABLE = YES;
				MACOSX_DEPLOYMENT_TARGET = 10.13;
				MTL_ENABLE_DEBUG_INFO = NO;
				MTL_FAST_MATH = YES;
				SDKROOT = macosx;
			};
			name = Release;
		};
		F6A1CE8021FF8AF00080E478 /* Debug */ = {
			isa = XCBuildConfiguration;
			buildSettings = {
				CODE_SIGN_STYLE = Automatic;
				PRODUCT_NAME = "$(TARGET_NAME)";
			};
			name = Debug;
		};
		F6A1CE8121FF8AF00080E478 /* Release */ = {
			isa = XCBuildConfiguration;
			buildSettings = {
				CODE_SIGN_STYLE = Automatic;
				PRODUCT_NAME = "$(TARGET_NAME)";
			};
			name = Release;
		};
/* End XCBuildConfiguration section */

/* Begin XCConfigurationList section */
		F6A1CE7321FF8AF00080E478 /* Build configuration list for PBXProject "StructureProject" */ = {
			isa = XCConfigurationList;
			buildConfigurations = (
				F6A1CE7D21FF8AF00080E478 /* Debug */,
				F6A1CE7E21FF8AF00080E478 /* Release */,
			);
			defaultConfigurationIsVisible = 0;
			defaultConfigurationName = Release;
		};
		F6A1CE7F21FF8AF00080E478 /* Build configuration list for PBXNativeTarget "StructureProject" */ = {
			isa = XCConfigurationList;
			buildConfigurations = (
				F6A1CE8021FF8AF00080E478 /* Debug */,
				F6A1CE8121FF8AF00080E478 /* Release */,
			);
			defaultConfigurationIsVisible = 0;
			defaultConfigurationName = Release;
		};
/* End XCConfigurationList section */
	};
	rootObject = F6A1CE7021FF8AF00080E478 /* Project object */;
}
